
Microsoft Visual Studio Solution File, Format Version 12.00
# Visual Studio 15
VisualStudioVersion = 15.0.27703.2018
MinimumVisualStudioVersion = 10.0.40219.1
Project("{FAE04EC0-301F-11D3-BF4B-00C04F79EFBC}") = "Foreman Daily Log", "Phase 2 Forms\Foreman Daily Log.csproj", "{15053AE8-E263-453A-8ED8-7EB9B0247C27}"
EndProject
Global
	GlobalSection(SolutionConfigurationPlatforms) = preSolution
		Debug|Any CPU = Debug|Any CPU
		Debug|x64 = Debug|x64
		Release|Any CPU = Release|Any CPU
		Release|x64 = Release|x64
	EndGlobalSection
	GlobalSection(ProjectConfigurationPlatforms) = postSolution
		{15053AE8-E263-453A-8ED8-7EB9B0247C27}.Debug|Any CPU.ActiveCfg = Debug|Any CPU
		{15053AE8-E263-453A-8ED8-7EB9B0247C27}.Debug|Any CPU.Build.0 = Debug|Any CPU
		{15053AE8-E263-453A-8ED8-7EB9B0247C27}.Debug|x64.ActiveCfg = Debug|x64
		{15053AE8-E263-453A-8ED8-7EB9B0247C27}.Debug|x64.Build.0 = Debug|x64
		{15053AE8-E263-453A-8ED8-7EB9B0247C27}.Release|Any CPU.ActiveCfg = Release|Any CPU
		{15053AE8-E263-453A-8ED8-7EB9B0247C27}.Release|Any CPU.Build.0 = Release|Any CPU
		{15053AE8-E263-453A-8ED8-7EB9B0247C27}.Release|x64.ActiveCfg = Release|x64
		{15053AE8-E263-453A-8ED8-7EB9B0247C27}.Release|x64.Build.0 = Release|x64
	EndGlobalSection
	GlobalSection(SolutionProperties) = preSolution
		HideSolutionNode = FALSE
	EndGlobalSection
	GlobalSection(ExtensibilityGlobals) = postSolution
		SolutionGuid = {1A6D69C1-8BD2-4735-878D-96FA76257FB5}
	EndGlobalSection
EndGlobal
